
Microsoft Visual Studio Solution File, Format Version 12.00
# Visual Studio Version 16
VisualStudioVersion = 16.0.31321.278
MinimumVisualStudioVersion = 10.0.40219.1
Project("{9A19103F-16F7-4668-BE54-9A1E7A4F7556}") = "AutoLot.DataReader", "AutoLot.DataReader\AutoLot.DataReader.csproj", "{A458E788-B98B-42B5-9A15-0AA14E8F6EA2}"
EndProject
Project("{9A19103F-16F7-4668-BE54-9A1E7A4F7556}") = "AutoLot.Dal", "AutoLot.Dal\AutoLot.Dal.csproj", "{1FD8DCDC-CB80-4EAE-9B2D-1044F282D535}"
EndProject
Project("{FAE04EC0-301F-11D3-BF4B-00C04F79EFBC}") = "AutoLot.Client", "AutoLot.Client\AutoLot.Client.csproj", "{8046C47A-C16F-45A2-8203-0347183CE131}"
EndProject
Global
	GlobalSection(SolutionConfigurationPlatforms) = preSolution
		Debug|Any CPU = Debug|Any CPU
		Release|Any CPU = Release|Any CPU
	EndGlobalSection
	GlobalSection(ProjectConfigurationPlatforms) = postSolution
		{A458E788-B98B-42B5-9A15-0AA14E8F6EA2}.Debug|Any CPU.ActiveCfg = Debug|Any CPU
		{A458E788-B98B-42B5-9A15-0AA14E8F6EA2}.Debug|Any CPU.Build.0 = Debug|Any CPU
		{A458E788-B98B-42B5-9A15-0AA14E8F6EA2}.Release|Any CPU.ActiveCfg = Release|Any CPU
		{A458E788-B98B-42B5-9A15-0AA14E8F6EA2}.Release|Any CPU.Build.0 = Release|Any CPU
		{1FD8DCDC-CB80-4EAE-9B2D-1044F282D535}.Debug|Any CPU.ActiveCfg = Debug|Any CPU
		{1FD8DCDC-CB80-4EAE-9B2D-1044F282D535}.Debug|Any CPU.Build.0 = Debug|Any CPU
		{1FD8DCDC-CB80-4EAE-9B2D-1044F282D535}.Release|Any CPU.ActiveCfg = Release|Any CPU
		{1FD8DCDC-CB80-4EAE-9B2D-1044F282D535}.Release|Any CPU.Build.0 = Release|Any CPU
		{8046C47A-C16F-45A2-8203-0347183CE131}.Debug|Any CPU.ActiveCfg = Debug|Any CPU
		{8046C47A-C16F-45A2-8203-0347183CE131}.Debug|Any CPU.Build.0 = Debug|Any CPU
		{8046C47A-C16F-45A2-8203-0347183CE131}.Release|Any CPU.ActiveCfg = Release|Any CPU
		{8046C47A-C16F-45A2-8203-0347183CE131}.Release|Any CPU.Build.0 = Release|Any CPU
	EndGlobalSection
	GlobalSection(SolutionProperties) = preSolution
		HideSolutionNode = FALSE
	EndGlobalSection
	GlobalSection(ExtensibilityGlobals) = postSolution
		SolutionGuid = {D99DEC07-7D20-4FF4-8CC6-C07DDACD3BEE}
	EndGlobalSection
EndGlobal
